
Microsoft Visual Studio Solution File, Format Version 12.00
# Visual Studio 14
VisualStudioVersion = 14.0.25420.1
MinimumVisualStudioVersion = 10.0.40219.1
Project("{FAE04EC0-301F-11D3-BF4B-00C04F79EFBC}") = "Tasker", "Tasker\Tasker.csproj", "{ACDCED4D-EA94-4635-BD03-FBDA5C79A2A8}"
EndProject
Project("{FAE04EC0-301F-11D3-BF4B-00C04F79EFBC}") = "Tasker.Tests", "Tasker.Tests\Tasker.Tests.csproj", "{75DF61A0-B90D-4E26-B7E5-FB1B9458105D}"
EndProject
Global
	GlobalSection(SolutionConfigurationPlatforms) = preSolution
		Debug|Any CPU = Debug|Any CPU
		Release|Any CPU = Release|Any CPU
	EndGlobalSection
	GlobalSection(ProjectConfigurationPlatforms) = postSolution
		{ACDCED4D-EA94-4635-BD03-FBDA5C79A2A8}.Debug|Any CPU.ActiveCfg = Debug|Any CPU
		{ACDCED4D-EA94-4635-BD03-FBDA5C79A2A8}.Debug|Any CPU.Build.0 = Debug|Any CPU
		{ACDCED4D-EA94-4635-BD03-FBDA5C79A2A8}.Release|Any CPU.ActiveCfg = Release|Any CPU
		{ACDCED4D-EA94-4635-BD03-FBDA5C79A2A8}.Release|Any CPU.Build.0 = Release|Any CPU
		{75DF61A0-B90D-4E26-B7E5-FB1B9458105D}.Debug|Any CPU.ActiveCfg = Debug|Any CPU
		{75DF61A0-B90D-4E26-B7E5-FB1B9458105D}.Debug|Any CPU.Build.0 = Debug|Any CPU
		{75DF61A0-B90D-4E26-B7E5-FB1B9458105D}.Release|Any CPU.ActiveCfg = Release|Any CPU
		{75DF61A0-B90D-4E26-B7E5-FB1B9458105D}.Release|Any CPU.Build.0 = Release|Any CPU
	EndGlobalSection
	GlobalSection(SolutionProperties) = preSolution
		HideSolutionNode = FALSE
	EndGlobalSection
EndGlobal
